
Microsoft Visual Studio Solution File, Format Version 12.00
# Visual Studio Version 17
VisualStudioVersion = 17.14.37216.2 d17.14
MinimumVisualStudioVersion = 10.0.40219.1
Project("{FAE04EC0-301F-11D3-BF4B-00C04F79EFBC}") = "maxi-movie-mvc", "maxi-movie-mvc\maxi-movie-mvc.csproj", "{45703F64-FF25-4284-B572-6A919EC0BCE6}"
EndProject
Global
	GlobalSection(SolutionConfigurationPlatforms) = preSolution
		Debug|Any CPU = Debug|Any CPU
		Release|Any CPU = Release|Any CPU
	EndGlobalSection
	GlobalSection(ProjectConfigurationPlatforms) = postSolution
		{45703F64-FF25-4284-B572-6A919EC0BCE6}.Debug|Any CPU.ActiveCfg = Debug|Any CPU
		{45703F64-FF25-4284-B572-6A919EC0BCE6}.Debug|Any CPU.Build.0 = Debug|Any CPU
		{45703F64-FF25-4284-B572-6A919EC0BCE6}.Release|Any CPU.ActiveCfg = Release|Any CPU
		{45703F64-FF25-4284-B572-6A919EC0BCE6}.Release|Any CPU.Build.0 = Release|Any CPU
	EndGlobalSection
	GlobalSection(SolutionProperties) = preSolution
		HideSolutionNode = FALSE
	EndGlobalSection
	GlobalSection(ExtensibilityGlobals) = postSolution
		SolutionGuid = {21F4D50C-7334-4C7A-BF92-BE05A66AC5E1}
	EndGlobalSection
EndGlobal
